
Microsoft Visual Studio Solution File, Format Version 12.00
# Visual Studio Version 17
VisualStudioVersion = 17.4.33122.133
MinimumVisualStudioVersion = 10.0.40219.1
Project("{FAE04EC0-301F-11D3-BF4B-00C04F79EFBC}") = "vouchers", "vouchers\vouchers.csproj", "{62FB6298-C715-4423-88DC-3D1CDE8E4C60}"
EndProject
Project("{00D1A9C2-B5F0-4AF3-8072-F6C62B433612}") = "VouchersDb", "VouchersDb\VouchersDb.sqlproj", "{479ADB74-DE25-4EEB-84AF-81CDBB27A7FB}"
EndProject
Project("{FAE04EC0-301F-11D3-BF4B-00C04F79EFBC}") = "DataAccess", "DataAccess\DataAccess.csproj", "{6D8FA72A-E244-4538-A2D7-EF22FA25DB00}"
EndProject
Global
	GlobalSection(SolutionConfigurationPlatforms) = preSolution
		Debug|Any CPU = Debug|Any CPU
		Release|Any CPU = Release|Any CPU
	EndGlobalSection
	GlobalSection(ProjectConfigurationPlatforms) = postSolution
		{62FB6298-C715-4423-88DC-3D1CDE8E4C60}.Debug|Any CPU.ActiveCfg = Debug|Any CPU
		{62FB6298-C715-4423-88DC-3D1CDE8E4C60}.Debug|Any CPU.Build.0 = Debug|Any CPU
		{62FB6298-C715-4423-88DC-3D1CDE8E4C60}.Release|Any CPU.ActiveCfg = Release|Any CPU
		{62FB6298-C715-4423-88DC-3D1CDE8E4C60}.Release|Any CPU.Build.0 = Release|Any CPU
		{479ADB74-DE25-4EEB-84AF-81CDBB27A7FB}.Debug|Any CPU.ActiveCfg = Debug|Any CPU
		{479ADB74-DE25-4EEB-84AF-81CDBB27A7FB}.Debug|Any CPU.Build.0 = Debug|Any CPU
		{479ADB74-DE25-4EEB-84AF-81CDBB27A7FB}.Debug|Any CPU.Deploy.0 = Debug|Any CPU
		{479ADB74-DE25-4EEB-84AF-81CDBB27A7FB}.Release|Any CPU.ActiveCfg = Release|Any CPU
		{479ADB74-DE25-4EEB-84AF-81CDBB27A7FB}.Release|Any CPU.Build.0 = Release|Any CPU
		{479ADB74-DE25-4EEB-84AF-81CDBB27A7FB}.Release|Any CPU.Deploy.0 = Release|Any CPU
		{6D8FA72A-E244-4538-A2D7-EF22FA25DB00}.Debug|Any CPU.ActiveCfg = Debug|Any CPU
		{6D8FA72A-E244-4538-A2D7-EF22FA25DB00}.Debug|Any CPU.Build.0 = Debug|Any CPU
		{6D8FA72A-E244-4538-A2D7-EF22FA25DB00}.Release|Any CPU.ActiveCfg = Release|Any CPU
		{6D8FA72A-E244-4538-A2D7-EF22FA25DB00}.Release|Any CPU.Build.0 = Release|Any CPU
	EndGlobalSection
	GlobalSection(SolutionProperties) = preSolution
		HideSolutionNode = FALSE
	EndGlobalSection
	GlobalSection(ExtensibilityGlobals) = postSolution
		SolutionGuid = {36DBF040-C98B-458F-81B9-FB6892408131}
	EndGlobalSection
EndGlobal
